<?xml version="1.0" encoding="utf-8"?>
<Project ToolsVersion="4.0" xmlns="http://schemas.microsoft.com/developer/msbuild/2003">
  <ItemGroup>
    <Filter Include="源文件">
      <UniqueIdentifier>{4FC737F1-C7A5-4376-A066-2A32D752A2FF}</UniqueIdentifier>
      <Extensions>cpp;c;cc;cxx;def;odl;idl;hpj;bat;asm;asmx</Extensions>
    </Filter>
    <Filter Include="头文件">
      <UniqueIdentifier>{93995380-89BD-4b04-88EB-625FBE52EBFB}</UniqueIdentifier>
      <Extensions>h;hh;hpp;hxx;hm;inl;inc;ipp;xsd</Extensions>
    </Filter>
    <Filter Include="资源文件">
      <UniqueIdentifier>{67DA6AB6-F800-4c08-8B7A-83BB121AAD01}</UniqueIdentifier>
      <Extensions>rc;ico;cur;bmp;dlg;rc2;rct;bin;rgs;gif;jpg;jpeg;jpe;resx;tiff;tif;png;wav;mfcribbon-ms</Extensions>
    </Filter>
    <Filter Include="script">
      <UniqueIdentifier>{dd449341-17c3-4cf7-a2c8-e49f75473c26}</UniqueIdentifier>
    </Filter>
  </ItemGroup>
  <ItemGroup>
    <ClInclude Include="targetver.h">
      <Filter>头文件</Filter>
    </ClInclude>
    <ClInclude Include="resource.h">
      <Filter>头文件</Filter>
    </ClInclude>
    <ClInclude Include="ogldev_math3d.h">
      <Filter>头文件</Filter>
    </ClInclude>
    <ClInclude Include="ogldev_pipeline.h">
      <Filter>头文件</Filter>
    </ClInclude>
    <ClInclude Include="ogldev_util.h">
      <Filter>头文件</Filter>
    </ClInclude>
    <ClInclude Include="ogldev_keys.h">
      <Filter>头文件</Filter>
    </ClInclude>
    <ClInclude Include="ogldev_camera.h">
      <Filter>头文件</Filter>
    </ClInclude>
    <ClInclude Include="ogldev_types.h">
      <Filter>头文件</Filter>
    </ClInclude>
    <ClInclude Include="ogldev_callbacks.h">
      <Filter>头文件</Filter>
    </ClInclude>
    <ClInclude Include="ogldev_texture.h">
      <Filter>头文件</Filter>
    </ClInclude>
    <ClInclude Include="ogldev_technique.h">
      <Filter>头文件</Filter>
    </ClInclude>
    <ClInclude Include="ogldev_lighting_technique.h">
      <Filter>头文件</Filter>
    </ClInclude>
    <ClInclude Include="ogldev_lights_common.h">
      <Filter>头文件</Filter>
    </ClInclude>
    <ClInclude Include="ogldev_mesh.h">
      <Filter>头文件</Filter>
    </ClInclude>
    <ClInclude Include="ogldev_skybox_technique.h">
      <Filter>头文件</Filter>
    </ClInclude>
    <ClInclude Include="ogldev_cubemap_texture.h">
      <Filter>头文件</Filter>
    </ClInclude>
    <ClInclude Include="ogldev_skybox.h">
      <Filter>头文件</Filter>
    </ClInclude>
  </ItemGroup>
  <ItemGroup>
    <ClCompile Include="ogldev_math3d.cpp">
      <Filter>源文件</Filter>
    </ClCompile>
    <ClCompile Include="ogldev_pipeline.cpp">
      <Filter>源文件</Filter>
    </ClCompile>
    <ClCompile Include="ogldev_util.cpp">
      <Filter>源文件</Filter>
    </ClCompile>
    <ClCompile Include="ogldev_camera.cpp">
      <Filter>源文件</Filter>
    </ClCompile>
    <ClCompile Include="ogldev_texture.cpp">
      <Filter>源文件</Filter>
    </ClCompile>
    <ClCompile Include="ogldev_glut_backend.cpp">
      <Filter>源文件</Filter>
    </ClCompile>
    <ClCompile Include="ogldev_technique.cpp">
      <Filter>源文件</Filter>
    </ClCompile>
    <ClCompile Include="ogldev_lighting_technique.cpp">
      <Filter>源文件</Filter>
    </ClCompile>
    <ClCompile Include="main.cpp">
      <Filter>源文件</Filter>
    </ClCompile>
    <ClCompile Include="ogldev_mesh.cpp">
      <Filter>源文件</Filter>
    </ClCompile>
    <ClCompile Include="ogldev_skybox_technique.cpp">
      <Filter>源文件</Filter>
    </ClCompile>
    <ClCompile Include="ogldev_cubemap_texture.cpp">
      <Filter>源文件</Filter>
    </ClCompile>
    <ClCompile Include="ogldev_skybox.cpp">
      <Filter>源文件</Filter>
    </ClCompile>
  </ItemGroup>
  <ItemGroup>
    <None Include="packages.config" />
    <None Include="lighting.frag">
      <Filter>script</Filter>
    </None>
    <None Include="lighting.vert">
      <Filter>script</Filter>
    </None>
    <None Include="skybox.frag">
      <Filter>script</Filter>
    </None>
    <None Include="skybox.vert">
      <Filter>script</Filter>
    </None>
  </ItemGroup>
  <ItemGroup>
    <ResourceCompile Include="OpenGLTest.rc">
      <Filter>资源文件</Filter>
    </ResourceCompile>
  </ItemGroup>
</Project>